
Microsoft Visual Studio Solution File, Format Version 12.00
# Visual Studio Version 17
VisualStudioVersion = 17.6.33723.286
MinimumVisualStudioVersion = 10.0.40219.1
Project("{9A19103F-16F7-4668-BE54-9A1E7A4F7556}") = "FileConverter", "FileConverter\FileConverter.csproj", "{AA8FB8C4-FAD0-460F-BF3B-F58D199A6DCE}"
EndProject
Project("{FAE04EC0-301F-11D3-BF4B-00C04F79EFBC}") = "FileConverter.UnitTests", "FileConverter.UnitTests\FileConverter.UnitTests.csproj", "{A659E6B6-6ADA-453B-B640-BEA3C1A16392}"
EndProject
Global
	GlobalSection(SolutionConfigurationPlatforms) = preSolution
		Debug|Any CPU = Debug|Any CPU
		Release|Any CPU = Release|Any CPU
	EndGlobalSection
	GlobalSection(ProjectConfigurationPlatforms) = postSolution
		{AA8FB8C4-FAD0-460F-BF3B-F58D199A6DCE}.Debug|Any CPU.ActiveCfg = Debug|Any CPU
		{AA8FB8C4-FAD0-460F-BF3B-F58D199A6DCE}.Debug|Any CPU.Build.0 = Debug|Any CPU
		{AA8FB8C4-FAD0-460F-BF3B-F58D199A6DCE}.Release|Any CPU.ActiveCfg = Release|Any CPU
		{AA8FB8C4-FAD0-460F-BF3B-F58D199A6DCE}.Release|Any CPU.Build.0 = Release|Any CPU
		{A659E6B6-6ADA-453B-B640-BEA3C1A16392}.Debug|Any CPU.ActiveCfg = Debug|Any CPU
		{A659E6B6-6ADA-453B-B640-BEA3C1A16392}.Debug|Any CPU.Build.0 = Debug|Any CPU
		{A659E6B6-6ADA-453B-B640-BEA3C1A16392}.Release|Any CPU.ActiveCfg = Release|Any CPU
		{A659E6B6-6ADA-453B-B640-BEA3C1A16392}.Release|Any CPU.Build.0 = Release|Any CPU
	EndGlobalSection
	GlobalSection(SolutionProperties) = preSolution
		HideSolutionNode = FALSE
	EndGlobalSection
	GlobalSection(ExtensibilityGlobals) = postSolution
		SolutionGuid = {CC57BEA4-BEC6-4D65-BF07-C94F4128C58E}
	EndGlobalSection
EndGlobal
